
Microsoft Visual Studio Solution File, Format Version 12.00
# Visual Studio Express 15 for Windows Desktop
VisualStudioVersion = 15.0.27004.2006
MinimumVisualStudioVersion = 10.0.40219.1
Project("{FAE04EC0-301F-11D3-BF4B-00C04F79EFBC}") = "CurrentMonitor", "CurrentMonitor.csproj", "{59BFA050-C501-48A5-9544-913FDE7FE953}"
EndProject
Project("{8BC9CEB8-8B4A-11D0-8D11-00A0C91BC942}") = "WinUSBTest", "..\WinUSBTest\WinUSBTest.vcxproj", "{8429DB5D-ACB7-44AA-84C9-C4BF0FA93488}"
EndProject
Project("{8BC9CEB8-8B4A-11D0-8D11-00A0C91BC942}") = "USBBridge", "USBBridge\USBBridge.vcxproj", "{AC501D6B-2239-49F6-9BB5-802512623C3F}"
EndProject
Global
	GlobalSection(SolutionConfigurationPlatforms) = preSolution
		Debug|Any CPU = Debug|Any CPU
		Debug|x64 = Debug|x64
		Debug|x86 = Debug|x86
		Release|Any CPU = Release|Any CPU
		Release|x64 = Release|x64
		Release|x86 = Release|x86
	EndGlobalSection
	GlobalSection(ProjectConfigurationPlatforms) = postSolution
		{59BFA050-C501-48A5-9544-913FDE7FE953}.Debug|Any CPU.ActiveCfg = Debug|Any CPU
		{59BFA050-C501-48A5-9544-913FDE7FE953}.Debug|Any CPU.Build.0 = Debug|Any CPU
		{59BFA050-C501-48A5-9544-913FDE7FE953}.Debug|x64.ActiveCfg = Debug|Any CPU
		{59BFA050-C501-48A5-9544-913FDE7FE953}.Debug|x64.Build.0 = Debug|Any CPU
		{59BFA050-C501-48A5-9544-913FDE7FE953}.Debug|x86.ActiveCfg = Debug|Any CPU
		{59BFA050-C501-48A5-9544-913FDE7FE953}.Debug|x86.Build.0 = Debug|Any CPU
		{59BFA050-C501-48A5-9544-913FDE7FE953}.Release|Any CPU.ActiveCfg = Release|Any CPU
		{59BFA050-C501-48A5-9544-913FDE7FE953}.Release|Any CPU.Build.0 = Release|Any CPU
		{59BFA050-C501-48A5-9544-913FDE7FE953}.Release|x64.ActiveCfg = Release|Any CPU
		{59BFA050-C501-48A5-9544-913FDE7FE953}.Release|x64.Build.0 = Release|Any CPU
		{59BFA050-C501-48A5-9544-913FDE7FE953}.Release|x86.ActiveCfg = Release|Any CPU
		{59BFA050-C501-48A5-9544-913FDE7FE953}.Release|x86.Build.0 = Release|Any CPU
		{8429DB5D-ACB7-44AA-84C9-C4BF0FA93488}.Debug|Any CPU.ActiveCfg = Debug|Win32
		{8429DB5D-ACB7-44AA-84C9-C4BF0FA93488}.Debug|x64.ActiveCfg = Debug|x64
		{8429DB5D-ACB7-44AA-84C9-C4BF0FA93488}.Debug|x64.Build.0 = Debug|x64
		{8429DB5D-ACB7-44AA-84C9-C4BF0FA93488}.Debug|x86.ActiveCfg = Debug|Win32
		{8429DB5D-ACB7-44AA-84C9-C4BF0FA93488}.Debug|x86.Build.0 = Debug|Win32
		{8429DB5D-ACB7-44AA-84C9-C4BF0FA93488}.Release|Any CPU.ActiveCfg = Release|Win32
		{8429DB5D-ACB7-44AA-84C9-C4BF0FA93488}.Release|x64.ActiveCfg = Release|x64
		{8429DB5D-ACB7-44AA-84C9-C4BF0FA93488}.Release|x64.Build.0 = Release|x64
		{8429DB5D-ACB7-44AA-84C9-C4BF0FA93488}.Release|x86.ActiveCfg = Release|Win32
		{8429DB5D-ACB7-44AA-84C9-C4BF0FA93488}.Release|x86.Build.0 = Release|Win32
		{AC501D6B-2239-49F6-9BB5-802512623C3F}.Debug|Any CPU.ActiveCfg = Debug|Win32
		{AC501D6B-2239-49F6-9BB5-802512623C3F}.Debug|x64.ActiveCfg = Debug|x64
		{AC501D6B-2239-49F6-9BB5-802512623C3F}.Debug|x64.Build.0 = Debug|x64
		{AC501D6B-2239-49F6-9BB5-802512623C3F}.Debug|x86.ActiveCfg = Debug|Win32
		{AC501D6B-2239-49F6-9BB5-802512623C3F}.Debug|x86.Build.0 = Debug|Win32
		{AC501D6B-2239-49F6-9BB5-802512623C3F}.Release|Any CPU.ActiveCfg = Release|Win32
		{AC501D6B-2239-49F6-9BB5-802512623C3F}.Release|x64.ActiveCfg = Release|x64
		{AC501D6B-2239-49F6-9BB5-802512623C3F}.Release|x64.Build.0 = Release|x64
		{AC501D6B-2239-49F6-9BB5-802512623C3F}.Release|x86.ActiveCfg = Release|Win32
		{AC501D6B-2239-49F6-9BB5-802512623C3F}.Release|x86.Build.0 = Release|Win32
	EndGlobalSection
	GlobalSection(SolutionProperties) = preSolution
		HideSolutionNode = FALSE
	EndGlobalSection
	GlobalSection(ExtensibilityGlobals) = postSolution
		SolutionGuid = {9DEC0E4B-8553-481A-B09F-141652D5C50D}
	EndGlobalSection
EndGlobal
